
Microsoft Visual Studio Solution File, Format Version 12.00
# Visual Studio 15
VisualStudioVersion = 15.0.28010.2046
MinimumVisualStudioVersion = 10.0.40219.1
Project("{8BC9CEB8-8B4A-11D0-8D11-00A0C91BC942}") = "VkEngine", "VkEngine\VkEngine.vcxproj", "{AA022C31-19DA-41EF-88D3-A1C34EC88662}"
EndProject
Project("{8BC9CEB8-8B4A-11D0-8D11-00A0C91BC942}") = "ImGui", "ImGui\ImGui.vcxproj", "{0D8EBFB2-7914-4BC4-8725-D5DBF2536480}"
EndProject
Project("{8BC9CEB8-8B4A-11D0-8D11-00A0C91BC942}") = "Editor", "Editor\Editor.vcxproj", "{C219A727-0B33-4926-99AD-FB577B98A6F7}"
	ProjectSection(ProjectDependencies) = postProject
		{AA022C31-19DA-41EF-88D3-A1C34EC88662} = {AA022C31-19DA-41EF-88D3-A1C34EC88662}
		{9EE31D93-AA76-498D-8186-9CE3DDAB3FE8} = {9EE31D93-AA76-498D-8186-9CE3DDAB3FE8}
		{0D8EBFB2-7914-4BC4-8725-D5DBF2536480} = {0D8EBFB2-7914-4BC4-8725-D5DBF2536480}
	EndProjectSection
EndProject
Project("{8BC9CEB8-8B4A-11D0-8D11-00A0C91BC942}") = "Platform", "Platform\Platform.vcxproj", "{9EE31D93-AA76-498D-8186-9CE3DDAB3FE8}"
EndProject
Global
	GlobalSection(SolutionConfigurationPlatforms) = preSolution
		Debug|x64 = Debug|x64
		Debug|x86 = Debug|x86
		Release|x64 = Release|x64
		Release|x86 = Release|x86
	EndGlobalSection
	GlobalSection(ProjectConfigurationPlatforms) = postSolution
		{AA022C31-19DA-41EF-88D3-A1C34EC88662}.Debug|x64.ActiveCfg = Debug|x64
		{AA022C31-19DA-41EF-88D3-A1C34EC88662}.Debug|x64.Build.0 = Debug|x64
		{AA022C31-19DA-41EF-88D3-A1C34EC88662}.Debug|x86.ActiveCfg = Debug|Win32
		{AA022C31-19DA-41EF-88D3-A1C34EC88662}.Debug|x86.Build.0 = Debug|Win32
		{AA022C31-19DA-41EF-88D3-A1C34EC88662}.Release|x64.ActiveCfg = Release|x64
		{AA022C31-19DA-41EF-88D3-A1C34EC88662}.Release|x64.Build.0 = Release|x64
		{AA022C31-19DA-41EF-88D3-A1C34EC88662}.Release|x86.ActiveCfg = Release|Win32
		{AA022C31-19DA-41EF-88D3-A1C34EC88662}.Release|x86.Build.0 = Release|Win32
		{0D8EBFB2-7914-4BC4-8725-D5DBF2536480}.Debug|x64.ActiveCfg = Debug|x64
		{0D8EBFB2-7914-4BC4-8725-D5DBF2536480}.Debug|x64.Build.0 = Debug|x64
		{0D8EBFB2-7914-4BC4-8725-D5DBF2536480}.Debug|x86.ActiveCfg = Debug|Win32
		{0D8EBFB2-7914-4BC4-8725-D5DBF2536480}.Debug|x86.Build.0 = Debug|Win32
		{0D8EBFB2-7914-4BC4-8725-D5DBF2536480}.Release|x64.ActiveCfg = Release|x64
		{0D8EBFB2-7914-4BC4-8725-D5DBF2536480}.Release|x64.Build.0 = Release|x64
		{0D8EBFB2-7914-4BC4-8725-D5DBF2536480}.Release|x86.ActiveCfg = Release|Win32
		{0D8EBFB2-7914-4BC4-8725-D5DBF2536480}.Release|x86.Build.0 = Release|Win32
		{C219A727-0B33-4926-99AD-FB577B98A6F7}.Debug|x64.ActiveCfg = Debug|x64
		{C219A727-0B33-4926-99AD-FB577B98A6F7}.Debug|x64.Build.0 = Debug|x64
		{C219A727-0B33-4926-99AD-FB577B98A6F7}.Debug|x86.ActiveCfg = Debug|Win32
		{C219A727-0B33-4926-99AD-FB577B98A6F7}.Debug|x86.Build.0 = Debug|Win32
		{C219A727-0B33-4926-99AD-FB577B98A6F7}.Release|x64.ActiveCfg = Release|x64
		{C219A727-0B33-4926-99AD-FB577B98A6F7}.Release|x64.Build.0 = Release|x64
		{C219A727-0B33-4926-99AD-FB577B98A6F7}.Release|x86.ActiveCfg = Release|Win32
		{C219A727-0B33-4926-99AD-FB577B98A6F7}.Release|x86.Build.0 = Release|Win32
		{9EE31D93-AA76-498D-8186-9CE3DDAB3FE8}.Debug|x64.ActiveCfg = Debug|x64
		{9EE31D93-AA76-498D-8186-9CE3DDAB3FE8}.Debug|x64.Build.0 = Debug|x64
		{9EE31D93-AA76-498D-8186-9CE3DDAB3FE8}.Debug|x86.ActiveCfg = Debug|Win32
		{9EE31D93-AA76-498D-8186-9CE3DDAB3FE8}.Debug|x86.Build.0 = Debug|Win32
		{9EE31D93-AA76-498D-8186-9CE3DDAB3FE8}.Release|x64.ActiveCfg = Release|x64
		{9EE31D93-AA76-498D-8186-9CE3DDAB3FE8}.Release|x64.Build.0 = Release|x64
		{9EE31D93-AA76-498D-8186-9CE3DDAB3FE8}.Release|x86.ActiveCfg = Release|Win32
		{9EE31D93-AA76-498D-8186-9CE3DDAB3FE8}.Release|x86.Build.0 = Release|Win32
	EndGlobalSection
	GlobalSection(SolutionProperties) = preSolution
		HideSolutionNode = FALSE
	EndGlobalSection
	GlobalSection(ExtensibilityGlobals) = postSolution
		SolutionGuid = {BCFF65FF-1B07-4D73-84F6-A2FDDF3E2B61}
	EndGlobalSection
EndGlobal
