<?xml version="1.0" encoding="utf-8"?>
<Project ToolsVersion="4.0" xmlns="http://schemas.microsoft.com/developer/msbuild/2003">
  <ItemGroup>
    <Filter Include="Source Files">
      <UniqueIdentifier>{4FC737F1-C7A5-4376-A066-2A32D752A2FF}</UniqueIdentifier>
      <Extensions>cpp;c;cc;cxx;def;odl;idl;hpj;bat;asm;asmx</Extensions>
    </Filter>
    <Filter Include="Header Files">
      <UniqueIdentifier>{93995380-89BD-4b04-88EB-625FBE52EBFB}</UniqueIdentifier>
      <Extensions>h;hh;hpp;hxx;hm;inl;inc;ipp;xsd</Extensions>
    </Filter>
    <Filter Include="Resource Files">
      <UniqueIdentifier>{67DA6AB6-F800-4c08-8B7A-83BB121AAD01}</UniqueIdentifier>
      <Extensions>rc;ico;cur;bmp;dlg;rc2;rct;bin;rgs;gif;jpg;jpeg;jpe;resx;tiff;tif;png;wav;mfcribbon-ms</Extensions>
    </Filter>
    <Filter Include="Header Files\ApiCore">
      <UniqueIdentifier>{8dbdc484-04ad-4b63-86a5-da8803a3601c}</UniqueIdentifier>
    </Filter>
    <Filter Include="Header Files\Libraries">
      <UniqueIdentifier>{c27cd8c6-87da-486a-b2ae-2c0b872acbe3}</UniqueIdentifier>
    </Filter>
    <Filter Include="Source Files\ApiCore">
      <UniqueIdentifier>{1cc2f463-6432-459c-a305-c773679a5b17}</UniqueIdentifier>
    </Filter>
    <Filter Include="Source Files\AssetsManagement">
      <UniqueIdentifier>{dbdd290f-90f4-4c49-b683-af29fd5e45ae}</UniqueIdentifier>
    </Filter>
    <Filter Include="Header Files\AssetsManagement">
      <UniqueIdentifier>{991500a7-e404-4cab-b6ee-5a8a1dfa72fb}</UniqueIdentifier>
    </Filter>
    <Filter Include="Source Files\ApiCore\Utils">
      <UniqueIdentifier>{415ea5a4-191f-4879-b613-f911aa7faa54}</UniqueIdentifier>
    </Filter>
    <Filter Include="Header Files\ApiCore\Utils">
      <UniqueIdentifier>{74b8df3a-2853-4113-bf66-fb194a3c54c9}</UniqueIdentifier>
    </Filter>
  </ItemGroup>
  <ItemGroup>
    <ClCompile Include="Object.cpp">
      <Filter>Source Files</Filter>
    </ClCompile>
    <ClCompile Include="VkEngine.cpp">
      <Filter>Source Files</Filter>
    </ClCompile>
    <ClCompile Include="ApiUtils.cpp">
      <Filter>Source Files\ApiCore\Utils</Filter>
    </ClCompile>
    <ClCompile Include="Debug.cpp">
      <Filter>Source Files\ApiCore\Utils</Filter>
    </ClCompile>
    <ClCompile Include="Camera.cpp">
      <Filter>Source Files</Filter>
    </ClCompile>
    <ClCompile Include="Direction.cpp">
      <Filter>Source Files</Filter>
    </ClCompile>
    <ClCompile Include="InputControl.cpp">
      <Filter>Source Files</Filter>
    </ClCompile>
    <ClCompile Include="MessageManager.cpp">
      <Filter>Source Files</Filter>
    </ClCompile>
    <ClCompile Include="RenderPass.cpp">
      <Filter>Source Files\ApiCore</Filter>
    </ClCompile>
    <ClCompile Include="Renderer.cpp">
      <Filter>Source Files\ApiCore</Filter>
    </ClCompile>
    <ClCompile Include="PhysicalDevice.cpp">
      <Filter>Source Files\ApiCore</Filter>
    </ClCompile>
    <ClCompile Include="Instance.cpp">
      <Filter>Source Files\ApiCore</Filter>
    </ClCompile>
    <ClCompile Include="Device.cpp">
      <Filter>Source Files\ApiCore</Filter>
    </ClCompile>
    <ClCompile Include="DescriptorSetsFactory.cpp">
      <Filter>Source Files\AssetsManagement</Filter>
    </ClCompile>
    <ClCompile Include="Mesh.cpp">
      <Filter>Source Files\AssetsManagement</Filter>
    </ClCompile>
    <ClCompile Include="MaterialManager.cpp">
      <Filter>Source Files\AssetsManagement</Filter>
    </ClCompile>
    <ClCompile Include="Material.cpp">
      <Filter>Source Files\AssetsManagement</Filter>
    </ClCompile>
    <ClCompile Include="Shader.cpp">
      <Filter>Source Files\AssetsManagement</Filter>
    </ClCompile>
    <ClCompile Include="SwapChain.cpp">
      <Filter>Source Files\ApiCore</Filter>
    </ClCompile>
    <ClCompile Include="Texture.cpp">
      <Filter>Source Files\AssetsManagement</Filter>
    </ClCompile>
    <ClCompile Include="TextureManager.cpp">
      <Filter>Source Files\AssetsManagement</Filter>
    </ClCompile>
    <ClCompile Include="MeshManager.cpp">
      <Filter>Source Files\AssetsManagement</Filter>
    </ClCompile>
    <ClCompile Include="LightSource.cpp">
      <Filter>Source Files</Filter>
    </ClCompile>
  </ItemGroup>
  <ItemGroup>
    <ClInclude Include="VkEngine.h">
      <Filter>Header Files</Filter>
    </ClInclude>
    <ClInclude Include="stdafx.h">
      <Filter>Header Files</Filter>
    </ClInclude>
    <ClInclude Include="ApiUtils.h">
      <Filter>Header Files\ApiCore\Utils</Filter>
    </ClInclude>
    <ClInclude Include="Debug.h">
      <Filter>Header Files\ApiCore\Utils</Filter>
    </ClInclude>
    <ClInclude Include="Camera.h">
      <Filter>Header Files</Filter>
    </ClInclude>
    <ClInclude Include="OPEN_SOURCE_headers\stb_image.h">
      <Filter>Header Files\Libraries</Filter>
    </ClInclude>
    <ClInclude Include="OPEN_SOURCE_headers\threadpool.hpp">
      <Filter>Header Files\Libraries</Filter>
    </ClInclude>
    <ClInclude Include="OPEN_SOURCE_headers\tiny_obj_loader.h">
      <Filter>Header Files\Libraries</Filter>
    </ClInclude>
    <ClInclude Include="Direction.h">
      <Filter>Header Files</Filter>
    </ClInclude>
    <ClInclude Include="InputControl.h">
      <Filter>Header Files</Filter>
    </ClInclude>
    <ClInclude Include="Libraries\frustum.hpp">
      <Filter>Header Files\Libraries</Filter>
    </ClInclude>
    <ClInclude Include="MessageManager.h">
      <Filter>Header Files</Filter>
    </ClInclude>
    <ClInclude Include="MaterialManager.h">
      <Filter>Header Files\AssetsManagement</Filter>
    </ClInclude>
    <ClInclude Include="Material.h">
      <Filter>Header Files\AssetsManagement</Filter>
    </ClInclude>
    <ClInclude Include="Mesh.h">
      <Filter>Header Files\AssetsManagement</Filter>
    </ClInclude>
    <ClInclude Include="Texture.h">
      <Filter>Header Files\AssetsManagement</Filter>
    </ClInclude>
    <ClInclude Include="Instance.h">
      <Filter>Header Files\ApiCore</Filter>
    </ClInclude>
    <ClInclude Include="Shader.h">
      <Filter>Header Files\AssetsManagement</Filter>
    </ClInclude>
    <ClInclude Include="DescriptorSetsFactory.h">
      <Filter>Header Files\AssetsManagement</Filter>
    </ClInclude>
    <ClInclude Include="PhysicalDevice.h">
      <Filter>Header Files\ApiCore</Filter>
    </ClInclude>
    <ClInclude Include="RenderPass.h">
      <Filter>Header Files\ApiCore</Filter>
    </ClInclude>
    <ClInclude Include="SwapChain.h">
      <Filter>Header Files\ApiCore</Filter>
    </ClInclude>
    <ClInclude Include="Object.h">
      <Filter>Header Files</Filter>
    </ClInclude>
    <ClInclude Include="Renderer.h">
      <Filter>Header Files\ApiCore</Filter>
    </ClInclude>
    <ClInclude Include="Device.h">
      <Filter>Header Files\ApiCore</Filter>
    </ClInclude>
    <ClInclude Include="TextureManager.h">
      <Filter>Header Files\AssetsManagement</Filter>
    </ClInclude>
    <ClInclude Include="MeshManager.h">
      <Filter>Header Files\AssetsManagement</Filter>
    </ClInclude>
    <ClInclude Include="LightSource.h">
      <Filter>Header Files</Filter>
    </ClInclude>
  </ItemGroup>
  <ItemGroup>
    <None Include="packages.config" />
    <None Include="Shaders\phong_multi_light\phong.frag">
      <Filter>Resource Files</Filter>
    </None>
    <None Include="Shaders\phong_multi_light\phong.vert">
      <Filter>Resource Files</Filter>
    </None>
    <None Include="Shaders\sample\shader.frag">
      <Filter>Resource Files</Filter>
    </None>
    <None Include="Shaders\sample\shader.vert">
      <Filter>Resource Files</Filter>
    </None>
  </ItemGroup>
</Project>